// !$*UTF8*$!
{
	archiveVersion = 1;
	classes = {
	};
	objectVersion = 46;
	objects = {

/* Begin PBXFileReference section */
		AB012E3A1AD137DA00640E15 /* BGCounter.ino */ = {isa = PBXFileReference; lastKnownFileType = text; path = BGCounter.ino; sourceTree = "<group>"; };
		AB5B86E41C40FAF500D4AAC1 /* libraries */ = {isa = PBXFileReference; lastKnownFileType = folder; path = libraries; sourceTree = "<group>"; };
/* End PBXFileReference section */

/* Begin PBXGroup section */
		AB012E2F1ACE84E200640E15 = {
			isa = PBXGroup;
			children = (
				AB5B86E41C40FAF500D4AAC1 /* libraries */,
				AB012E3A1AD137DA00640E15 /* BGCounter.ino */,
			);
			sourceTree = "<group>";
		};
/* End PBXGroup section */

/* Begin PBXProject section */
		AB012E301ACE84E200640E15 /* Project object */ = {
			isa = PBXProject;
			attributes = {
				LastUpgradeCheck = 0620;
			};
			buildConfigurationList = AB012E331ACE84E200640E15 /* Build configuration list for PBXProject "BGCounter" */;
			compatibilityVersion = "Xcode 3.2";
			developmentRegion = English;
			hasScannedForEncodings = 0;
			knownRegions = (
				en,
			);
			mainGroup = AB012E2F1ACE84E200640E15;
			projectDirPath = "";
			projectRoot = "";
			targets = (
			);
		};
/* End PBXProject section */

/* Begin XCBuildConfiguration section */
		AB012E341ACE84E200640E15 /* Debug */ = {
			isa = XCBuildConfiguration;
			buildSettings = {
			};
			name = Debug;
		};
		AB012E351ACE84E200640E15 /* Release */ = {
			isa = XCBuildConfiguration;
			buildSettings = {
			};
			name = Release;
		};
/* End XCBuildConfiguration section */

/* Begin XCConfigurationList section */
		AB012E331ACE84E200640E15 /* Build configuration list for PBXProject "BGCounter" */ = {
			isa = XCConfigurationList;
			buildConfigurations = (
				AB012E341ACE84E200640E15 /* Debug */,
				AB012E351ACE84E200640E15 /* Release */,
			);
			defaultConfigurationIsVisible = 0;
			defaultConfigurationName = Release;
		};
/* End XCConfigurationList section */
	};
	rootObject = AB012E301ACE84E200640E15 /* Project object */;
}
