// !$*UTF8*$!
{
	archiveVersion = 1;
	classes = {
	};
	objectVersion = 46;
	objects = {

/* Begin PBXFileReference section */
		AB012E3A1AD137DA00640E15 /* BGCounter.ino */ = {isa = PBXFileReference; lastKnownFileType = text; path = BGCounter.ino; sourceTree = "<group>"; };
		AB294B7A1B0509700020CF9B /* sevenSegment4d14p.cpp */ = {isa = PBXFileReference; lastKnownFileType = sourcecode.cpp.cpp; name = sevenSegment4d14p.cpp; path = ../libraries/sevenSegment4d14p/sevenSegment4d14p.cpp; sourceTree = "<group>"; };
		AB294B7B1B0509700020CF9B /* sevenSegment4d14p.h */ = {isa = PBXFileReference; lastKnownFileType = sourcecode.c.h; name = sevenSegment4d14p.h; path = ../libraries/sevenSegment4d14p/sevenSegment4d14p.h; sourceTree = "<group>"; };
		AB3B89B41B526E4700CF2DD0 /* sevenSegment1d10p.cpp */ = {isa = PBXFileReference; lastKnownFileType = sourcecode.cpp.cpp; name = sevenSegment1d10p.cpp; path = ../libraries/sevenSegment1d10p/sevenSegment1d10p.cpp; sourceTree = "<group>"; };
		AB3B89B51B526E4700CF2DD0 /* sevenSegment1d10p.h */ = {isa = PBXFileReference; lastKnownFileType = sourcecode.c.h; name = sevenSegment1d10p.h; path = ../libraries/sevenSegment1d10p/sevenSegment1d10p.h; sourceTree = "<group>"; };
/* End PBXFileReference section */

/* Begin PBXGroup section */
		AB012E2F1ACE84E200640E15 = {
			isa = PBXGroup;
			children = (
				AB294B7C1B0509B40020CF9B /* libraries */,
				AB012E3A1AD137DA00640E15 /* BGCounter.ino */,
			);
			sourceTree = "<group>";
		};
		AB294B7C1B0509B40020CF9B /* libraries */ = {
			isa = PBXGroup;
			children = (
				AB3B89B41B526E4700CF2DD0 /* sevenSegment1d10p.cpp */,
				AB3B89B51B526E4700CF2DD0 /* sevenSegment1d10p.h */,
				AB294B7A1B0509700020CF9B /* sevenSegment4d14p.cpp */,
				AB294B7B1B0509700020CF9B /* sevenSegment4d14p.h */,
			);
			name = libraries;
			sourceTree = "<group>";
		};
/* End PBXGroup section */

/* Begin PBXProject section */
		AB012E301ACE84E200640E15 /* Project object */ = {
			isa = PBXProject;
			attributes = {
				LastUpgradeCheck = 0620;
			};
			buildConfigurationList = AB012E331ACE84E200640E15 /* Build configuration list for PBXProject "BGCounter" */;
			compatibilityVersion = "Xcode 3.2";
			developmentRegion = English;
			hasScannedForEncodings = 0;
			knownRegions = (
				en,
			);
			mainGroup = AB012E2F1ACE84E200640E15;
			projectDirPath = "";
			projectRoot = "";
			targets = (
			);
		};
/* End PBXProject section */

/* Begin XCBuildConfiguration section */
		AB012E341ACE84E200640E15 /* Debug */ = {
			isa = XCBuildConfiguration;
			buildSettings = {
			};
			name = Debug;
		};
		AB012E351ACE84E200640E15 /* Release */ = {
			isa = XCBuildConfiguration;
			buildSettings = {
			};
			name = Release;
		};
/* End XCBuildConfiguration section */

/* Begin XCConfigurationList section */
		AB012E331ACE84E200640E15 /* Build configuration list for PBXProject "BGCounter" */ = {
			isa = XCConfigurationList;
			buildConfigurations = (
				AB012E341ACE84E200640E15 /* Debug */,
				AB012E351ACE84E200640E15 /* Release */,
			);
			defaultConfigurationIsVisible = 0;
			defaultConfigurationName = Release;
		};
/* End XCConfigurationList section */
	};
	rootObject = AB012E301ACE84E200640E15 /* Project object */;
}
